{
  "name": "@josorio/pi-memory",
  "version": "0.1.0",
  "lockfileVersion": 3,
  "requires": true,
  "packages": {
    "": {
      "name": "@josorio/pi-memory",
      "version": "0.1.0",
      "license": "MIT",
      "dependencies": {
        "@lancedb/lancedb": "^0.26.2",
        "openai": "^6.25.0"
      },
      "devDependencies": {
        "@mariozechner/pi-coding-agent": "*",
        "@sinclair/typebox": "*",
        "@types/node": "^24.0.0",
        "typescript": "^5.9.3",
        "vitest": "^4.0.18"
      },
      "peerDependencies": {
        "@mariozechner/pi-coding-agent": "*",
        "@sinclair/typebox": "*"
      }
    },
    "../../node_modules/.pnpm/@lancedb+lancedb@0.26.2_apache-arrow@18.1.0/node_modules/@lancedb/lancedb": {
      "version": "0.26.2",
      "cpu": [
        "x64",
        "arm64"
      ],
      "license": "Apache-2.0",
      "os": [
        "darwin",
        "linux",
        "win32"
      ],
      "dependencies": {
        "reflect-metadata": "^0.2.2"
      },
      "devDependencies": {
        "@aws-sdk/client-dynamodb": "^3.33.0",
        "@aws-sdk/client-kms": "^3.33.0",
        "@aws-sdk/client-s3": "^3.33.0",
        "@biomejs/biome": "^1.7.3",
        "@jest/globals": "^29.7.0",
        "@napi-rs/cli": "^2.18.3",
        "@types/axios": "^0.14.0",
        "@types/jest": "^29.1.2",
        "@types/node": "^22.7.4",
        "@types/tmp": "^0.2.6",
        "apache-arrow-15": "npm:apache-arrow@15.0.0",
        "apache-arrow-16": "npm:apache-arrow@16.0.0",
        "apache-arrow-17": "npm:apache-arrow@17.0.0",
        "apache-arrow-18": "npm:apache-arrow@18.0.0",
        "eslint": "^8.57.0",
        "jest": "^29.7.0",
        "shx": "^0.3.4",
        "tmp": "^0.2.3",
        "ts-jest": "^29.1.2",
        "typedoc": "^0.26.4",
        "typedoc-plugin-markdown": "^4.2.1",
        "typescript": "^5.5.4",
        "typescript-eslint": "^7.1.0"
      },
      "engines": {
        "node": ">= 18"
      },
      "optionalDependencies": {
        "@lancedb/lancedb-darwin-arm64": "0.26.2",
        "@lancedb/lancedb-linux-arm64-gnu": "0.26.2",
        "@lancedb/lancedb-linux-arm64-musl": "0.26.2",
        "@lancedb/lancedb-linux-x64-gnu": "0.26.2",
        "@lancedb/lancedb-linux-x64-musl": "0.26.2",
        "@lancedb/lancedb-win32-arm64-msvc": "0.26.2",
        "@lancedb/lancedb-win32-x64-msvc": "0.26.2"
      },
      "peerDependencies": {
        "apache-arrow": ">=15.0.0 <=18.1.0"
      }
    },
    "../../node_modules/.pnpm/@mariozechner+pi-coding-agent@0.55.1_ws@8.19.0_zod@3.25.76/node_modules/@mariozechner/pi-coding-agent": {
      "version": "0.55.1",
      "dev": true,
      "license": "MIT",
      "dependencies": {
        "@mariozechner/jiti": "^2.6.2",
        "@mariozechner/pi-agent-core": "^0.55.1",
        "@mariozechner/pi-ai": "^0.55.1",
        "@mariozechner/pi-tui": "^0.55.1",
        "@silvia-odwyer/photon-node": "^0.3.4",
        "chalk": "^5.5.0",
        "cli-highlight": "^2.1.11",
        "diff": "^8.0.2",
        "extract-zip": "^2.0.1",
        "file-type": "^21.1.1",
        "glob": "^13.0.1",
        "hosted-git-info": "^9.0.2",
        "ignore": "^7.0.5",
        "marked": "^15.0.12",
        "minimatch": "^10.1.1",
        "proper-lockfile": "^4.1.2",
        "yaml": "^2.8.2"
      },
      "bin": {
        "pi": "dist/cli.js"
      },
      "devDependencies": {
        "@types/diff": "^7.0.2",
        "@types/hosted-git-info": "^3.0.5",
        "@types/ms": "^2.1.0",
        "@types/node": "^24.3.0",
        "@types/proper-lockfile": "^4.1.4",
        "shx": "^0.4.0",
        "typescript": "^5.7.3",
        "vitest": "^3.2.4"
      },
      "engines": {
        "node": ">=20.0.0"
      },
      "optionalDependencies": {
        "@mariozechner/clipboard": "^0.3.2"
      }
    },
    "../../node_modules/.pnpm/@sinclair+typebox@0.34.48/node_modules/@sinclair/typebox": {
      "version": "0.34.48",
      "dev": true,
      "license": "MIT"
    },
    "../../node_modules/.pnpm/@types+node@24.10.14/node_modules/@types/node": {
      "version": "24.10.14",
      "dev": true,
      "license": "MIT",
      "dependencies": {
        "undici-types": "~7.16.0"
      }
    },
    "../../node_modules/.pnpm/openai@6.25.0_ws@8.19.0_zod@3.25.76/node_modules/openai": {
      "version": "6.25.0",
      "license": "Apache-2.0",
      "bin": {
        "openai": "bin/cli"
      },
      "peerDependencies": {
        "ws": "^8.18.0",
        "zod": "^3.25 || ^4.0"
      },
      "peerDependenciesMeta": {
        "ws": {
          "optional": true
        },
        "zod": {
          "optional": true
        }
      }
    },
    "../../node_modules/.pnpm/typescript@5.9.3/node_modules/typescript": {
      "version": "5.9.3",
      "dev": true,
      "license": "Apache-2.0",
      "bin": {
        "tsc": "bin/tsc",
        "tsserver": "bin/tsserver"
      },
      "devDependencies": {
        "@dprint/formatter": "^0.4.1",
        "@dprint/typescript": "0.93.4",
        "@esfx/canceltoken": "^1.0.0",
        "@eslint/js": "^9.20.0",
        "@octokit/rest": "^21.1.1",
        "@types/chai": "^4.3.20",
        "@types/diff": "^7.0.1",
        "@types/minimist": "^1.2.5",
        "@types/mocha": "^10.0.10",
        "@types/ms": "^0.7.34",
        "@types/node": "latest",
        "@types/source-map-support": "^0.5.10",
        "@types/which": "^3.0.4",
        "@typescript-eslint/rule-tester": "^8.24.1",
        "@typescript-eslint/type-utils": "^8.24.1",
        "@typescript-eslint/utils": "^8.24.1",
        "azure-devops-node-api": "^14.1.0",
        "c8": "^10.1.3",
        "chai": "^4.5.0",
        "chokidar": "^4.0.3",
        "diff": "^7.0.0",
        "dprint": "^0.49.0",
        "esbuild": "^0.25.0",
        "eslint": "^9.20.1",
        "eslint-formatter-autolinkable-stylish": "^1.4.0",
        "eslint-plugin-regexp": "^2.7.0",
        "fast-xml-parser": "^4.5.2",
        "glob": "^10.4.5",
        "globals": "^15.15.0",
        "hereby": "^1.10.0",
        "jsonc-parser": "^3.3.1",
        "knip": "^5.44.4",
        "minimist": "^1.2.8",
        "mocha": "^10.8.2",
        "mocha-fivemat-progress-reporter": "^0.1.0",
        "monocart-coverage-reports": "^2.12.1",
        "ms": "^2.1.3",
        "picocolors": "^1.1.1",
        "playwright": "^1.50.1",
        "source-map-support": "^0.5.21",
        "tslib": "^2.8.1",
        "typescript": "^5.7.3",
        "typescript-eslint": "^8.24.1",
        "which": "^3.0.1"
      },
      "engines": {
        "node": ">=14.17"
      }
    },
    "../../node_modules/.pnpm/vitest@4.0.18_@types+node@24.10.14_yaml@2.8.2/node_modules/vitest": {
      "version": "4.0.18",
      "dev": true,
      "license": "MIT",
      "dependencies": {
        "@vitest/expect": "4.0.18",
        "@vitest/mocker": "4.0.18",
        "@vitest/pretty-format": "4.0.18",
        "@vitest/runner": "4.0.18",
        "@vitest/snapshot": "4.0.18",
        "@vitest/spy": "4.0.18",
        "@vitest/utils": "4.0.18",
        "es-module-lexer": "^1.7.0",
        "expect-type": "^1.2.2",
        "magic-string": "^0.30.21",
        "obug": "^2.1.1",
        "pathe": "^2.0.3",
        "picomatch": "^4.0.3",
        "std-env": "^3.10.0",
        "tinybench": "^2.9.0",
        "tinyexec": "^1.0.2",
        "tinyglobby": "^0.2.15",
        "tinyrainbow": "^3.0.3",
        "vite": "^6.0.0 || ^7.0.0",
        "why-is-node-running": "^2.3.0"
      },
      "bin": {
        "vitest": "vitest.mjs"
      },
      "devDependencies": {
        "@antfu/install-pkg": "^1.1.0",
        "@edge-runtime/vm": "^5.0.0",
        "@jridgewell/trace-mapping": "0.3.31",
        "@opentelemetry/api": "^1.9.0",
        "@sinonjs/fake-timers": "14.0.0",
        "@types/estree": "^1.0.8",
        "@types/istanbul-lib-coverage": "^2.0.6",
        "@types/istanbul-reports": "^3.0.4",
        "@types/jsdom": "^27.0.0",
        "@types/node": "^24.10.1",
        "@types/picomatch": "^4.0.2",
        "@types/prompts": "^2.4.9",
        "@types/sinonjs__fake-timers": "^8.1.5",
        "acorn-walk": "^8.3.4",
        "birpc": "^4.0.0",
        "cac": "^6.7.14",
        "empathic": "^2.0.0",
        "flatted": "^3.3.3",
        "happy-dom": "^20.0.11",
        "jsdom": "^27.2.0",
        "local-pkg": "^1.1.2",
        "mime": "^4.1.0",
        "prompts": "^2.4.2",
        "strip-literal": "^3.1.0",
        "ws": "^8.18.3"
      },
      "engines": {
        "node": "^20.0.0 || ^22.0.0 || >=24.0.0"
      },
      "funding": {
        "url": "https://opencollective.com/vitest"
      },
      "peerDependencies": {
        "@edge-runtime/vm": "*",
        "@opentelemetry/api": "^1.9.0",
        "@types/node": "^20.0.0 || ^22.0.0 || >=24.0.0",
        "@vitest/browser-playwright": "4.0.18",
        "@vitest/browser-preview": "4.0.18",
        "@vitest/browser-webdriverio": "4.0.18",
        "@vitest/ui": "4.0.18",
        "happy-dom": "*",
        "jsdom": "*"
      },
      "peerDependenciesMeta": {
        "@edge-runtime/vm": {
          "optional": true
        },
        "@opentelemetry/api": {
          "optional": true
        },
        "@types/node": {
          "optional": true
        },
        "@vitest/browser-playwright": {
          "optional": true
        },
        "@vitest/browser-preview": {
          "optional": true
        },
        "@vitest/browser-webdriverio": {
          "optional": true
        },
        "@vitest/ui": {
          "optional": true
        },
        "happy-dom": {
          "optional": true
        },
        "jsdom": {
          "optional": true
        }
      }
    },
    "node_modules/@lancedb/lancedb": {
      "resolved": "../../node_modules/.pnpm/@lancedb+lancedb@0.26.2_apache-arrow@18.1.0/node_modules/@lancedb/lancedb",
      "link": true
    },
    "node_modules/@mariozechner/pi-coding-agent": {
      "resolved": "../../node_modules/.pnpm/@mariozechner+pi-coding-agent@0.55.1_ws@8.19.0_zod@3.25.76/node_modules/@mariozechner/pi-coding-agent",
      "link": true
    },
    "node_modules/@sinclair/typebox": {
      "resolved": "../../node_modules/.pnpm/@sinclair+typebox@0.34.48/node_modules/@sinclair/typebox",
      "link": true
    },
    "node_modules/@types/node": {
      "resolved": "../../node_modules/.pnpm/@types+node@24.10.14/node_modules/@types/node",
      "link": true
    },
    "node_modules/openai": {
      "resolved": "../../node_modules/.pnpm/openai@6.25.0_ws@8.19.0_zod@3.25.76/node_modules/openai",
      "link": true
    },
    "node_modules/typescript": {
      "resolved": "../../node_modules/.pnpm/typescript@5.9.3/node_modules/typescript",
      "link": true
    },
    "node_modules/vitest": {
      "resolved": "../../node_modules/.pnpm/vitest@4.0.18_@types+node@24.10.14_yaml@2.8.2/node_modules/vitest",
      "link": true
    }
  }
}
